
Microsoft Visual Studio Solution File, Format Version 11.00
# Visual Studio 2010
Project("{8BC9CEB8-8B4A-11D0-8D11-00A0C91BC942}") = "final_identifying_shape", "final_identifying_shape\final_identifying_shape.vcxproj", "{77B97C95-2E33-44F2-96DE-ED09199FE402}"
EndProject
Global
	GlobalSection(SolutionConfigurationPlatforms) = preSolution
		Debug|Win32 = Debug|Win32
		Release|Win32 = Release|Win32
	EndGlobalSection
	GlobalSection(ProjectConfigurationPlatforms) = postSolution
		{77B97C95-2E33-44F2-96DE-ED09199FE402}.Debug|Win32.ActiveCfg = Debug|Win32
		{77B97C95-2E33-44F2-96DE-ED09199FE402}.Debug|Win32.Build.0 = Debug|Win32
		{77B97C95-2E33-44F2-96DE-ED09199FE402}.Release|Win32.ActiveCfg = Release|Win32
		{77B97C95-2E33-44F2-96DE-ED09199FE402}.Release|Win32.Build.0 = Release|Win32
	EndGlobalSection
	GlobalSection(SolutionProperties) = preSolution
		HideSolutionNode = FALSE
	EndGlobalSection
EndGlobal
