<?xml version="1.0" encoding="utf-8"?>
<Project ToolsVersion="4.0" xmlns="http://schemas.microsoft.com/developer/msbuild/2003">
  <ItemGroup>
    <Filter Include="Source Files">
      <UniqueIdentifier>{4FC737F1-C7A5-4376-A066-2A32D752A2FF}</UniqueIdentifier>
      <Extensions>cpp;c;cc;cxx;def;odl;idl;hpj;bat;asm;asmx</Extensions>
    </Filter>
    <Filter Include="Header Files">
      <UniqueIdentifier>{93995380-89BD-4b04-88EB-625FBE52EBFB}</UniqueIdentifier>
      <Extensions>h;hpp;hxx;hm;inl;inc;xsd</Extensions>
    </Filter>
    <Filter Include="Resource Files">
      <UniqueIdentifier>{67DA6AB6-F800-4c08-8B7A-83BB121AAD01}</UniqueIdentifier>
      <Extensions>rc;ico;cur;bmp;dlg;rc2;rct;bin;rgs;gif;jpg;jpeg;jpe;resx;tiff;tif;png;wav;mfcribbon-ms</Extensions>
    </Filter>
  </ItemGroup>
  <ItemGroup>
    <None Include="ReadMe.txt" />
    <None Include="app.ico">
      <Filter>Resource Files</Filter>
    </None>
  </ItemGroup>
  <ItemGroup>
    <ClCompile Include="FunBrainz.cpp">
      <Filter>Source Files</Filter>
    </ClCompile>
    <ClCompile Include="AssemblyInfo.cpp">
      <Filter>Source Files</Filter>
    </ClCompile>
    <ClCompile Include="stdafx.cpp">
      <Filter>Source Files</Filter>
    </ClCompile>
    <ClCompile Include="Cricket.cpp">
      <Filter>Source Files</Filter>
    </ClCompile>
    <ClCompile Include="GlobalFuncs.cpp">
      <Filter>Source Files</Filter>
    </ClCompile>
    <ClCompile Include="Homepage.cpp">
      <Filter>Source Files</Filter>
    </ClCompile>
    <ClCompile Include="profile.cpp">
      <Filter>Source Files</Filter>
    </ClCompile>
    <ClCompile Include="Signup.cpp">
      <Filter>Source Files</Filter>
    </ClCompile>
    <ClCompile Include="Arithmetic1.cpp">
      <Filter>Source Files</Filter>
    </ClCompile>
    <ClCompile Include="Image_Quiz.cpp">
      <Filter>Source Files</Filter>
    </ClCompile>
    <ClCompile Include="Image_Quiz_Display.cpp">
      <Filter>Source Files</Filter>
    </ClCompile>
    <ClCompile Include="Level_pipeline.cpp">
      <Filter>Source Files</Filter>
    </ClCompile>
    <ClCompile Include="Pipeline_Game.cpp">
      <Filter>Source Files</Filter>
    </ClCompile>
    <ClCompile Include="Game_2048.cpp">
      <Filter>Source Files</Filter>
    </ClCompile>
    <ClCompile Include="ImageQuiz2.cpp">
      <Filter>Source Files</Filter>
    </ClCompile>
    <ClCompile Include="Abacus.cpp">
      <Filter>Source Files</Filter>
    </ClCompile>
    <ClCompile Include="operatorFilling.cpp">
      <Filter>Source Files</Filter>
    </ClCompile>
    <ClCompile Include="cloud.cpp">
      <Filter>Source Files</Filter>
    </ClCompile>
    <ClCompile Include="cloudgame.cpp">
      <Filter>Source Files</Filter>
    </ClCompile>
    <ClCompile Include="shapesPanel.cpp">
      <Filter>Source Files</Filter>
    </ClCompile>
    <ClCompile Include="game.cpp">
      <Filter>Source Files</Filter>
    </ClCompile>
    <ClCompile Include="all_shape.cpp">
      <Filter>Source Files</Filter>
    </ClCompile>
    <ClCompile Include="drawshape.cpp">
      <Filter>Source Files</Filter>
    </ClCompile>
    <ClCompile Include="question_no_figure.cpp">
      <Filter>Source Files</Filter>
    </ClCompile>
    <ClCompile Include="question_with_figure.cpp">
      <Filter>Source Files</Filter>
    </ClCompile>
    <ClCompile Include="shape_defination.cpp">
      <Filter>Source Files</Filter>
    </ClCompile>
    <ClCompile Include="operationsRedirect.cpp">
      <Filter>Source Files</Filter>
    </ClCompile>
  </ItemGroup>
  <ItemGroup>
    <ClInclude Include="Form1.h">
      <Filter>Header Files</Filter>
    </ClInclude>
    <ClInclude Include="stdafx.h">
      <Filter>Header Files</Filter>
    </ClInclude>
    <ClInclude Include="resource.h">
      <Filter>Header Files</Filter>
    </ClInclude>
    <ClInclude Include="Cricket.h">
      <Filter>Header Files</Filter>
    </ClInclude>
    <ClInclude Include="GlobalFuncs.h">
      <Filter>Header Files</Filter>
    </ClInclude>
    <ClInclude Include="Homepage.h">
      <Filter>Header Files</Filter>
    </ClInclude>
    <ClInclude Include="profile.h">
      <Filter>Header Files</Filter>
    </ClInclude>
    <ClInclude Include="Signup.h">
      <Filter>Header Files</Filter>
    </ClInclude>
    <ClInclude Include="Arithmetic1.h">
      <Filter>Header Files</Filter>
    </ClInclude>
    <ClInclude Include="Image_Quiz.h">
      <Filter>Header Files</Filter>
    </ClInclude>
    <ClInclude Include="Image_Quiz_Display.h">
      <Filter>Header Files</Filter>
    </ClInclude>
    <ClInclude Include="Level_pipeline.h">
      <Filter>Header Files</Filter>
    </ClInclude>
    <ClInclude Include="Pipeline_Game.h">
      <Filter>Header Files</Filter>
    </ClInclude>
    <ClInclude Include="Game_2048.h">
      <Filter>Header Files</Filter>
    </ClInclude>
    <ClInclude Include="ImageQuiz2.h">
      <Filter>Header Files</Filter>
    </ClInclude>
    <ClInclude Include="Abacus.h">
      <Filter>Header Files</Filter>
    </ClInclude>
    <ClInclude Include="operatorFilling.h">
      <Filter>Header Files</Filter>
    </ClInclude>
    <ClInclude Include="cloud.h">
      <Filter>Header Files</Filter>
    </ClInclude>
    <ClInclude Include="cloudgame.h">
      <Filter>Header Files</Filter>
    </ClInclude>
    <ClInclude Include="shapesPanel.h">
      <Filter>Header Files</Filter>
    </ClInclude>
    <ClInclude Include="game.h">
      <Filter>Header Files</Filter>
    </ClInclude>
    <ClInclude Include="all_shape.h">
      <Filter>Header Files</Filter>
    </ClInclude>
    <ClInclude Include="drawshape.h">
      <Filter>Header Files</Filter>
    </ClInclude>
    <ClInclude Include="question_no_figure.h">
      <Filter>Header Files</Filter>
    </ClInclude>
    <ClInclude Include="question_with_figure.h">
      <Filter>Header Files</Filter>
    </ClInclude>
    <ClInclude Include="shape_defination.h">
      <Filter>Header Files</Filter>
    </ClInclude>
    <ClInclude Include="operationsRedirect.h">
      <Filter>Header Files</Filter>
    </ClInclude>
  </ItemGroup>
  <ItemGroup>
    <ResourceCompile Include="app.rc">
      <Filter>Resource Files</Filter>
    </ResourceCompile>
  </ItemGroup>
  <ItemGroup>
    <EmbeddedResource Include="Cricket.resx">
      <Filter>Resource Files</Filter>
    </EmbeddedResource>
    <EmbeddedResource Include="Form1.resX">
      <Filter>Resource Files</Filter>
    </EmbeddedResource>
    <EmbeddedResource Include="Homepage.resx">
      <Filter>Resource Files</Filter>
    </EmbeddedResource>
    <EmbeddedResource Include="profile.resx">
      <Filter>Resource Files</Filter>
    </EmbeddedResource>
    <EmbeddedResource Include="Signup.resx">
      <Filter>Resource Files</Filter>
    </EmbeddedResource>
    <EmbeddedResource Include="ImageQuiz2.resx">
      <Filter>Resource Files</Filter>
    </EmbeddedResource>
    <EmbeddedResource Include="Arithmetic1.resx">
      <Filter>Resource Files</Filter>
    </EmbeddedResource>
    <EmbeddedResource Include="all_shape.resx">
      <Filter>Resource Files</Filter>
    </EmbeddedResource>
    <EmbeddedResource Include="drawshape.resx">
      <Filter>Resource Files</Filter>
    </EmbeddedResource>
    <EmbeddedResource Include="game.resx">
      <Filter>Resource Files</Filter>
    </EmbeddedResource>
    <EmbeddedResource Include="question_no_figure.resx">
      <Filter>Resource Files</Filter>
    </EmbeddedResource>
    <EmbeddedResource Include="question_with_figure.resx">
      <Filter>Resource Files</Filter>
    </EmbeddedResource>
    <EmbeddedResource Include="shapesPanel.resx">
      <Filter>Resource Files</Filter>
    </EmbeddedResource>
    <EmbeddedResource Include="shape_defination.resx">
      <Filter>Resource Files</Filter>
    </EmbeddedResource>
  </ItemGroup>
</Project>